PODS:
  - MLInputDodger (1.5.0)

DEPENDENCIES:
  - MLInputDodger (from `../MLInputDodger.podspec`)

EXTERNAL SOURCES:
  MLInputDodger:
    :path: "../MLInputDodger.podspec"

SPEC CHECKSUMS:
  MLInputDodger: 832d3163b394405fd5a5ed2b0cbbc264ed10c7c0

PODFILE CHECKSUM: 8518658652c642e6f1eb9223a7d1b60b8b8096dd

COCOAPODS: 1.1.1
