// !$*UTF8*$!
{
	archiveVersion = 1;
	classes = {
	};
	objectVersion = 46;
	objects = {

/* Begin PBXBuildFile section */
		0D24B18045B8CBB8E0D1C875 /* libPods-MLInputDodger.a in Frameworks */ = {isa = PBXBuildFile; fileRef = 9A086C4D7472B5F3FD41B136 /* libPods-MLInputDodger.a */; };
		360F92231B65C6CD00A6F9F4 /* main.m in Sources */ = {isa = PBXBuildFile; fileRef = 360F92221B65C6CD00A6F9F4 /* main.m */; };
		360F92261B65C6CD00A6F9F4 /* AppDelegate.m in Sources */ = {isa = PBXBuildFile; fileRef = 360F92251B65C6CD00A6F9F4 /* AppDelegate.m */; };
		360F92291B65C6CD00A6F9F4 /* ViewController.m in Sources */ = {isa = PBXBuildFile; fileRef = 360F92281B65C6CD00A6F9F4 /* ViewController.m */; };
		360F922C1B65C6CD00A6F9F4 /* Main.storyboard in Resources */ = {isa = PBXBuildFile; fileRef = 360F922A1B65C6CD00A6F9F4 /* Main.storyboard */; };
		360F922E1B65C6CD00A6F9F4 /* Images.xcassets in Resources */ = {isa = PBXBuildFile; fileRef = 360F922D1B65C6CD00A6F9F4 /* Images.xcassets */; };
		360F92311B65C6CD00A6F9F4 /* LaunchScreen.xib in Resources */ = {isa = PBXBuildFile; fileRef = 360F922F1B65C6CD00A6F9F4 /* LaunchScreen.xib */; };
		360F923D1B65C6CD00A6F9F4 /* MLInputDodgerTests.m in Sources */ = {isa = PBXBuildFile; fileRef = 360F923C1B65C6CD00A6F9F4 /* MLInputDodgerTests.m */; };
		360F92521B6747D500A6F9F4 /* ListViewController.m in Sources */ = {isa = PBXBuildFile; fileRef = 360F92511B6747D500A6F9F4 /* ListViewController.m */; };
/* End PBXBuildFile section */

/* Begin PBXContainerItemProxy section */
		360F92371B65C6CD00A6F9F4 /* PBXContainerItemProxy */ = {
			isa = PBXContainerItemProxy;
			containerPortal = 360F92151B65C6CD00A6F9F4 /* Project object */;
			proxyType = 1;
			remoteGlobalIDString = 360F921C1B65C6CD00A6F9F4;
			remoteInfo = MLInputDodger;
		};
/* End PBXContainerItemProxy section */

/* Begin PBXFileReference section */
		360F921D1B65C6CD00A6F9F4 /* MLInputDodger.app */ = {isa = PBXFileReference; explicitFileType = wrapper.application; includeInIndex = 0; path = MLInputDodger.app; sourceTree = BUILT_PRODUCTS_DIR; };
		360F92211B65C6CD00A6F9F4 /* Info.plist */ = {isa = PBXFileReference; lastKnownFileType = text.plist.xml; path = Info.plist; sourceTree = "<group>"; };
		360F92221B65C6CD00A6F9F4 /* main.m */ = {isa = PBXFileReference; lastKnownFileType = sourcecode.c.objc; path = main.m; sourceTree = "<group>"; };
		360F92241B65C6CD00A6F9F4 /* AppDelegate.h */ = {isa = PBXFileReference; lastKnownFileType = sourcecode.c.h; path = AppDelegate.h; sourceTree = "<group>"; };
		360F92251B65C6CD00A6F9F4 /* AppDelegate.m */ = {isa = PBXFileReference; lastKnownFileType = sourcecode.c.objc; path = AppDelegate.m; sourceTree = "<group>"; };
		360F92271B65C6CD00A6F9F4 /* ViewController.h */ = {isa = PBXFileReference; lastKnownFileType = sourcecode.c.h; path = ViewController.h; sourceTree = "<group>"; };
		360F92281B65C6CD00A6F9F4 /* ViewController.m */ = {isa = PBXFileReference; lastKnownFileType = sourcecode.c.objc; path = ViewController.m; sourceTree = "<group>"; };
		360F922B1B65C6CD00A6F9F4 /* Base */ = {isa = PBXFileReference; lastKnownFileType = file.storyboard; name = Base; path = Base.lproj/Main.storyboard; sourceTree = "<group>"; };
		360F922D1B65C6CD00A6F9F4 /* Images.xcassets */ = {isa = PBXFileReference; lastKnownFileType = folder.assetcatalog; path = Images.xcassets; sourceTree = "<group>"; };
		360F92301B65C6CD00A6F9F4 /* Base */ = {isa = PBXFileReference; lastKnownFileType = file.xib; name = Base; path = Base.lproj/LaunchScreen.xib; sourceTree = "<group>"; };
		360F92361B65C6CD00A6F9F4 /* MLInputDodgerTests.xctest */ = {isa = PBXFileReference; explicitFileType = wrapper.cfbundle; includeInIndex = 0; path = MLInputDodgerTests.xctest; sourceTree = BUILT_PRODUCTS_DIR; };
		360F923B1B65C6CD00A6F9F4 /* Info.plist */ = {isa = PBXFileReference; lastKnownFileType = text.plist.xml; path = Info.plist; sourceTree = "<group>"; };
		360F923C1B65C6CD00A6F9F4 /* MLInputDodgerTests.m */ = {isa = PBXFileReference; lastKnownFileType = sourcecode.c.objc; path = MLInputDodgerTests.m; sourceTree = "<group>"; };
		360F92501B6747D500A6F9F4 /* ListViewController.h */ = {isa = PBXFileReference; fileEncoding = 4; lastKnownFileType = sourcecode.c.h; path = ListViewController.h; sourceTree = "<group>"; };
		360F92511B6747D500A6F9F4 /* ListViewController.m */ = {isa = PBXFileReference; fileEncoding = 4; lastKnownFileType = sourcecode.c.objc; path = ListViewController.m; sourceTree = "<group>"; };
		4B117A4DB5AC02312D32641D /* Pods-MLInputDodger.debug.xcconfig */ = {isa = PBXFileReference; includeInIndex = 1; lastKnownFileType = text.xcconfig; name = "Pods-MLInputDodger.debug.xcconfig"; path = "Pods/Target Support Files/Pods-MLInputDodger/Pods-MLInputDodger.debug.xcconfig"; sourceTree = "<group>"; };
		9A086C4D7472B5F3FD41B136 /* libPods-MLInputDodger.a */ = {isa = PBXFileReference; explicitFileType = archive.ar; includeInIndex = 0; path = "libPods-MLInputDodger.a"; sourceTree = BUILT_PRODUCTS_DIR; };
		E165DFBEECF6E5AD6EB58492 /* Pods-MLInputDodger.release.xcconfig */ = {isa = PBXFileReference; includeInIndex = 1; lastKnownFileType = text.xcconfig; name = "Pods-MLInputDodger.release.xcconfig"; path = "Pods/Target Support Files/Pods-MLInputDodger/Pods-MLInputDodger.release.xcconfig"; sourceTree = "<group>"; };
/* End PBXFileReference section */

/* Begin PBXFrameworksBuildPhase section */
		360F921A1B65C6CD00A6F9F4 /* Frameworks */ = {
			isa = PBXFrameworksBuildPhase;
			buildActionMask = 2147483647;
			files = (
				0D24B18045B8CBB8E0D1C875 /* libPods-MLInputDodger.a in Frameworks */,
			);
			runOnlyForDeploymentPostprocessing = 0;
		};
		360F92331B65C6CD00A6F9F4 /* Frameworks */ = {
			isa = PBXFrameworksBuildPhase;
			buildActionMask = 2147483647;
			files = (
			);
			runOnlyForDeploymentPostprocessing = 0;
		};
/* End PBXFrameworksBuildPhase section */

/* Begin PBXGroup section */
		360F92141B65C6CD00A6F9F4 = {
			isa = PBXGroup;
			children = (
				360F921F1B65C6CD00A6F9F4 /* MLInputDodger */,
				360F92391B65C6CD00A6F9F4 /* MLInputDodgerTests */,
				360F921E1B65C6CD00A6F9F4 /* Products */,
				B63E24B991B342048DCFA23C /* Pods */,
				DCAB5401D4BF6ECB9DE7E407 /* Frameworks */,
			);
			sourceTree = "<group>";
		};
		360F921E1B65C6CD00A6F9F4 /* Products */ = {
			isa = PBXGroup;
			children = (
				360F921D1B65C6CD00A6F9F4 /* MLInputDodger.app */,
				360F92361B65C6CD00A6F9F4 /* MLInputDodgerTests.xctest */,
			);
			name = Products;
			sourceTree = "<group>";
		};
		360F921F1B65C6CD00A6F9F4 /* MLInputDodger */ = {
			isa = PBXGroup;
			children = (
				360F92241B65C6CD00A6F9F4 /* AppDelegate.h */,
				360F92251B65C6CD00A6F9F4 /* AppDelegate.m */,
				360F92271B65C6CD00A6F9F4 /* ViewController.h */,
				360F92281B65C6CD00A6F9F4 /* ViewController.m */,
				360F92501B6747D500A6F9F4 /* ListViewController.h */,
				360F92511B6747D500A6F9F4 /* ListViewController.m */,
				360F922A1B65C6CD00A6F9F4 /* Main.storyboard */,
				360F922D1B65C6CD00A6F9F4 /* Images.xcassets */,
				360F922F1B65C6CD00A6F9F4 /* LaunchScreen.xib */,
				360F92201B65C6CD00A6F9F4 /* Supporting Files */,
			);
			path = MLInputDodger;
			sourceTree = "<group>";
		};
		360F92201B65C6CD00A6F9F4 /* Supporting Files */ = {
			isa = PBXGroup;
			children = (
				360F92211B65C6CD00A6F9F4 /* Info.plist */,
				360F92221B65C6CD00A6F9F4 /* main.m */,
			);
			name = "Supporting Files";
			sourceTree = "<group>";
		};
		360F92391B65C6CD00A6F9F4 /* MLInputDodgerTests */ = {
			isa = PBXGroup;
			children = (
				360F923C1B65C6CD00A6F9F4 /* MLInputDodgerTests.m */,
				360F923A1B65C6CD00A6F9F4 /* Supporting Files */,
			);
			path = MLInputDodgerTests;
			sourceTree = "<group>";
		};
		360F923A1B65C6CD00A6F9F4 /* Supporting Files */ = {
			isa = PBXGroup;
			children = (
				360F923B1B65C6CD00A6F9F4 /* Info.plist */,
			);
			name = "Supporting Files";
			sourceTree = "<group>";
		};
		B63E24B991B342048DCFA23C /* Pods */ = {
			isa = PBXGroup;
			children = (
				4B117A4DB5AC02312D32641D /* Pods-MLInputDodger.debug.xcconfig */,
				E165DFBEECF6E5AD6EB58492 /* Pods-MLInputDodger.release.xcconfig */,
			);
			name = Pods;
			sourceTree = "<group>";
		};
		DCAB5401D4BF6ECB9DE7E407 /* Frameworks */ = {
			isa = PBXGroup;
			children = (
				9A086C4D7472B5F3FD41B136 /* libPods-MLInputDodger.a */,
			);
			name = Frameworks;
			sourceTree = "<group>";
		};
/* End PBXGroup section */

/* Begin PBXNativeTarget section */
		360F921C1B65C6CD00A6F9F4 /* MLInputDodger */ = {
			isa = PBXNativeTarget;
			buildConfigurationList = 360F92401B65C6CD00A6F9F4 /* Build configuration list for PBXNativeTarget "MLInputDodger" */;
			buildPhases = (
				D40D56BE49BEF40B31B01BE4 /* [CP] Check Pods Manifest.lock */,
				360F92191B65C6CD00A6F9F4 /* Sources */,
				360F921A1B65C6CD00A6F9F4 /* Frameworks */,
				360F921B1B65C6CD00A6F9F4 /* Resources */,
				5B630EB0CC9E59349FFD0259 /* [CP] Embed Pods Frameworks */,
				5EE3F81FC1B9EC0F0AD37B53 /* [CP] Copy Pods Resources */,
			);
			buildRules = (
			);
			dependencies = (
			);
			name = MLInputDodger;
			productName = MLInputDodger;
			productReference = 360F921D1B65C6CD00A6F9F4 /* MLInputDodger.app */;
			productType = "com.apple.product-type.application";
		};
		360F92351B65C6CD00A6F9F4 /* MLInputDodgerTests */ = {
			isa = PBXNativeTarget;
			buildConfigurationList = 360F92431B65C6CD00A6F9F4 /* Build configuration list for PBXNativeTarget "MLInputDodgerTests" */;
			buildPhases = (
				360F92321B65C6CD00A6F9F4 /* Sources */,
				360F92331B65C6CD00A6F9F4 /* Frameworks */,
				360F92341B65C6CD00A6F9F4 /* Resources */,
			);
			buildRules = (
			);
			dependencies = (
				360F92381B65C6CD00A6F9F4 /* PBXTargetDependency */,
			);
			name = MLInputDodgerTests;
			productName = MLInputDodgerTests;
			productReference = 360F92361B65C6CD00A6F9F4 /* MLInputDodgerTests.xctest */;
			productType = "com.apple.product-type.bundle.unit-test";
		};
/* End PBXNativeTarget section */

/* Begin PBXProject section */
		360F92151B65C6CD00A6F9F4 /* Project object */ = {
			isa = PBXProject;
			attributes = {
				LastUpgradeCheck = 0800;
				ORGANIZATIONNAME = molon;
				TargetAttributes = {
					360F921C1B65C6CD00A6F9F4 = {
						CreatedOnToolsVersion = 6.3.2;
						DevelopmentTeam = PDL85JB6BQ;
					};
					360F92351B65C6CD00A6F9F4 = {
						CreatedOnToolsVersion = 6.3.2;
						DevelopmentTeam = PDL85JB6BQ;
						TestTargetID = 360F921C1B65C6CD00A6F9F4;
					};
				};
			};
			buildConfigurationList = 360F92181B65C6CD00A6F9F4 /* Build configuration list for PBXProject "MLInputDodger" */;
			compatibilityVersion = "Xcode 3.2";
			developmentRegion = English;
			hasScannedForEncodings = 0;
			knownRegions = (
				en,
				Base,
			);
			mainGroup = 360F92141B65C6CD00A6F9F4;
			productRefGroup = 360F921E1B65C6CD00A6F9F4 /* Products */;
			projectDirPath = "";
			projectRoot = "";
			targets = (
				360F921C1B65C6CD00A6F9F4 /* MLInputDodger */,
				360F92351B65C6CD00A6F9F4 /* MLInputDodgerTests */,
			);
		};
/* End PBXProject section */

/* Begin PBXResourcesBuildPhase section */
		360F921B1B65C6CD00A6F9F4 /* Resources */ = {
			isa = PBXResourcesBuildPhase;
			buildActionMask = 2147483647;
			files = (
				360F922C1B65C6CD00A6F9F4 /* Main.storyboard in Resources */,
				360F92311B65C6CD00A6F9F4 /* LaunchScreen.xib in Resources */,
				360F922E1B65C6CD00A6F9F4 /* Images.xcassets in Resources */,
			);
			runOnlyForDeploymentPostprocessing = 0;
		};
		360F92341B65C6CD00A6F9F4 /* Resources */ = {
			isa = PBXResourcesBuildPhase;
			buildActionMask = 2147483647;
			files = (
			);
			runOnlyForDeploymentPostprocessing = 0;
		};
/* End PBXResourcesBuildPhase section */

/* Begin PBXShellScriptBuildPhase section */
		5B630EB0CC9E59349FFD0259 /* [CP] Embed Pods Frameworks */ = {
			isa = PBXShellScriptBuildPhase;
			buildActionMask = 2147483647;
			files = (
			);
			inputPaths = (
			);
			name = "[CP] Embed Pods Frameworks";
			outputPaths = (
			);
			runOnlyForDeploymentPostprocessing = 0;
			shellPath = /bin/sh;
			shellScript = "\"${SRCROOT}/Pods/Target Support Files/Pods-MLInputDodger/Pods-MLInputDodger-frameworks.sh\"\n";
			showEnvVarsInLog = 0;
		};
		5EE3F81FC1B9EC0F0AD37B53 /* [CP] Copy Pods Resources */ = {
			isa = PBXShellScriptBuildPhase;
			buildActionMask = 2147483647;
			files = (
			);
			inputPaths = (
			);
			name = "[CP] Copy Pods Resources";
			outputPaths = (
			);
			runOnlyForDeploymentPostprocessing = 0;
			shellPath = /bin/sh;
			shellScript = "\"${SRCROOT}/Pods/Target Support Files/Pods-MLInputDodger/Pods-MLInputDodger-resources.sh\"\n";
			showEnvVarsInLog = 0;
		};
		D40D56BE49BEF40B31B01BE4 /* [CP] Check Pods Manifest.lock */ = {
			isa = PBXShellScriptBuildPhase;
			buildActionMask = 2147483647;
			files = (
			);
			inputPaths = (
			);
			name = "[CP] Check Pods Manifest.lock";
			outputPaths = (
			);
			runOnlyForDeploymentPostprocessing = 0;
			shellPath = /bin/sh;
			shellScript = "diff \"${PODS_ROOT}/../Podfile.lock\" \"${PODS_ROOT}/Manifest.lock\" > /dev/null\nif [ $? != 0 ] ; then\n    # print error to STDERR\n    echo \"error: The sandbox is not in sync with the Podfile.lock. Run \'pod install\' or update your CocoaPods installation.\" >&2\n    exit 1\nfi\n";
			showEnvVarsInLog = 0;
		};
/* End PBXShellScriptBuildPhase section */

/* Begin PBXSourcesBuildPhase section */
		360F92191B65C6CD00A6F9F4 /* Sources */ = {
			isa = PBXSourcesBuildPhase;
			buildActionMask = 2147483647;
			files = (
				360F92291B65C6CD00A6F9F4 /* ViewController.m in Sources */,
				360F92261B65C6CD00A6F9F4 /* AppDelegate.m in Sources */,
				360F92521B6747D500A6F9F4 /* ListViewController.m in Sources */,
				360F92231B65C6CD00A6F9F4 /* main.m in Sources */,
			);
			runOnlyForDeploymentPostprocessing = 0;
		};
		360F92321B65C6CD00A6F9F4 /* Sources */ = {
			isa = PBXSourcesBuildPhase;
			buildActionMask = 2147483647;
			files = (
				360F923D1B65C6CD00A6F9F4 /* MLInputDodgerTests.m in Sources */,
			);
			runOnlyForDeploymentPostprocessing = 0;
		};
/* End PBXSourcesBuildPhase section */

/* Begin PBXTargetDependency section */
		360F92381B65C6CD00A6F9F4 /* PBXTargetDependency */ = {
			isa = PBXTargetDependency;
			target = 360F921C1B65C6CD00A6F9F4 /* MLInputDodger */;
			targetProxy = 360F92371B65C6CD00A6F9F4 /* PBXContainerItemProxy */;
		};
/* End PBXTargetDependency section */

/* Begin PBXVariantGroup section */
		360F922A1B65C6CD00A6F9F4 /* Main.storyboard */ = {
			isa = PBXVariantGroup;
			children = (
				360F922B1B65C6CD00A6F9F4 /* Base */,
			);
			name = Main.storyboard;
			sourceTree = "<group>";
		};
		360F922F1B65C6CD00A6F9F4 /* LaunchScreen.xib */ = {
			isa = PBXVariantGroup;
			children = (
				360F92301B65C6CD00A6F9F4 /* Base */,
			);
			name = LaunchScreen.xib;
			sourceTree = "<group>";
		};
/* End PBXVariantGroup section */

/* Begin XCBuildConfiguration section */
		360F923E1B65C6CD00A6F9F4 /* Debug */ = {
			isa = XCBuildConfiguration;
			buildSettings = {
				ALWAYS_SEARCH_USER_PATHS = NO;
				CLANG_CXX_LANGUAGE_STANDARD = "gnu++0x";
				CLANG_CXX_LIBRARY = "libc++";
				CLANG_ENABLE_MODULES = YES;
				CLANG_ENABLE_OBJC_ARC = YES;
				CLANG_WARN_BOOL_CONVERSION = YES;
				CLANG_WARN_CONSTANT_CONVERSION = YES;
				CLANG_WARN_DIRECT_OBJC_ISA_USAGE = YES_ERROR;
				CLANG_WARN_EMPTY_BODY = YES;
				CLANG_WARN_ENUM_CONVERSION = YES;
				CLANG_WARN_INFINITE_RECURSION = YES;
				CLANG_WARN_INT_CONVERSION = YES;
				CLANG_WARN_OBJC_ROOT_CLASS = YES_ERROR;
				CLANG_WARN_SUSPICIOUS_MOVE = YES;
				CLANG_WARN_UNREACHABLE_CODE = YES;
				CLANG_WARN__DUPLICATE_METHOD_MATCH = YES;
				"CODE_SIGN_IDENTITY[sdk=iphoneos*]" = "iPhone Developer";
				COPY_PHASE_STRIP = NO;
				DEBUG_INFORMATION_FORMAT = "dwarf-with-dsym";
				ENABLE_STRICT_OBJC_MSGSEND = YES;
				ENABLE_TESTABILITY = YES;
				GCC_C_LANGUAGE_STANDARD = gnu99;
				GCC_DYNAMIC_NO_PIC = NO;
				GCC_NO_COMMON_BLOCKS = YES;
				GCC_OPTIMIZATION_LEVEL = 0;
				GCC_PREPROCESSOR_DEFINITIONS = (
					"DEBUG=1",
					"$(inherited)",
				);
				GCC_SYMBOLS_PRIVATE_EXTERN = NO;
				GCC_WARN_64_TO_32_BIT_CONVERSION = YES;
				GCC_WARN_ABOUT_RETURN_TYPE = YES_ERROR;
				GCC_WARN_UNDECLARED_SELECTOR = YES;
				GCC_WARN_UNINITIALIZED_AUTOS = YES_AGGRESSIVE;
				GCC_WARN_UNUSED_FUNCTION = YES;
				GCC_WARN_UNUSED_VARIABLE = YES;
				IPHONEOS_DEPLOYMENT_TARGET = 8.3;
				MTL_ENABLE_DEBUG_INFO = YES;
				ONLY_ACTIVE_ARCH = YES;
				SDKROOT = iphoneos;
			};
			name = Debug;
		};
		360F923F1B65C6CD00A6F9F4 /* Release */ = {
			isa = XCBuildConfiguration;
			buildSettings = {
				ALWAYS_SEARCH_USER_PATHS = NO;
				CLANG_CXX_LANGUAGE_STANDARD = "gnu++0x";
				CLANG_CXX_LIBRARY = "libc++";
				CLANG_ENABLE_MODULES = YES;
				CLANG_ENABLE_OBJC_ARC = YES;
				CLANG_WARN_BOOL_CONVERSION = YES;
				CLANG_WARN_CONSTANT_CONVERSION = YES;
				CLANG_WARN_DIRECT_OBJC_ISA_USAGE = YES_ERROR;
				CLANG_WARN_EMPTY_BODY = YES;
				CLANG_WARN_ENUM_CONVERSION = YES;
				CLANG_WARN_INFINITE_RECURSION = YES;
				CLANG_WARN_INT_CONVERSION = YES;
				CLANG_WARN_OBJC_ROOT_CLASS = YES_ERROR;
				CLANG_WARN_SUSPICIOUS_MOVE = YES;
				CLANG_WARN_UNREACHABLE_CODE = YES;
				CLANG_WARN__DUPLICATE_METHOD_MATCH = YES;
				"CODE_SIGN_IDENTITY[sdk=iphoneos*]" = "iPhone Developer";
				COPY_PHASE_STRIP = NO;
				DEBUG_INFORMATION_FORMAT = "dwarf-with-dsym";
				ENABLE_NS_ASSERTIONS = NO;
				ENABLE_STRICT_OBJC_MSGSEND = YES;
				GCC_C_LANGUAGE_STANDARD = gnu99;
				GCC_NO_COMMON_BLOCKS = YES;
				GCC_WARN_64_TO_32_BIT_CONVERSION = YES;
				GCC_WARN_ABOUT_RETURN_TYPE = YES_ERROR;
				GCC_WARN_UNDECLARED_SELECTOR = YES;
				GCC_WARN_UNINITIALIZED_AUTOS = YES_AGGRESSIVE;
				GCC_WARN_UNUSED_FUNCTION = YES;
				GCC_WARN_UNUSED_VARIABLE = YES;
				IPHONEOS_DEPLOYMENT_TARGET = 8.3;
				MTL_ENABLE_DEBUG_INFO = NO;
				SDKROOT = iphoneos;
				VALIDATE_PRODUCT = YES;
			};
			name = Release;
		};
		360F92411B65C6CD00A6F9F4 /* Debug */ = {
			isa = XCBuildConfiguration;
			baseConfigurationReference = 4B117A4DB5AC02312D32641D /* Pods-MLInputDodger.debug.xcconfig */;
			buildSettings = {
				ASSETCATALOG_COMPILER_APPICON_NAME = AppIcon;
				ASSETCATALOG_COMPILER_LAUNCHIMAGE_NAME = LaunchImage;
				DEVELOPMENT_TEAM = PDL85JB6BQ;
				INFOPLIST_FILE = MLInputDodger/Info.plist;
				IPHONEOS_DEPLOYMENT_TARGET = 7.0;
				LD_RUNPATH_SEARCH_PATHS = "$(inherited) @executable_path/Frameworks";
				PRODUCT_BUNDLE_IDENTIFIER = "com.molon.$(PRODUCT_NAME:rfc1034identifier)";
				PRODUCT_NAME = "$(TARGET_NAME)";
			};
			name = Debug;
		};
		360F92421B65C6CD00A6F9F4 /* Release */ = {
			isa = XCBuildConfiguration;
			baseConfigurationReference = E165DFBEECF6E5AD6EB58492 /* Pods-MLInputDodger.release.xcconfig */;
			buildSettings = {
				ASSETCATALOG_COMPILER_APPICON_NAME = AppIcon;
				ASSETCATALOG_COMPILER_LAUNCHIMAGE_NAME = LaunchImage;
				DEVELOPMENT_TEAM = PDL85JB6BQ;
				INFOPLIST_FILE = MLInputDodger/Info.plist;
				IPHONEOS_DEPLOYMENT_TARGET = 7.0;
				LD_RUNPATH_SEARCH_PATHS = "$(inherited) @executable_path/Frameworks";
				PRODUCT_BUNDLE_IDENTIFIER = "com.molon.$(PRODUCT_NAME:rfc1034identifier)";
				PRODUCT_NAME = "$(TARGET_NAME)";
			};
			name = Release;
		};
		360F92441B65C6CD00A6F9F4 /* Debug */ = {
			isa = XCBuildConfiguration;
			buildSettings = {
				BUNDLE_LOADER = "$(TEST_HOST)";
				DEVELOPMENT_TEAM = PDL85JB6BQ;
				FRAMEWORK_SEARCH_PATHS = (
					"$(SDKROOT)/Developer/Library/Frameworks",
					"$(inherited)",
				);
				GCC_PREPROCESSOR_DEFINITIONS = (
					"DEBUG=1",
					"$(inherited)",
				);
				INFOPLIST_FILE = MLInputDodgerTests/Info.plist;
				LD_RUNPATH_SEARCH_PATHS = "$(inherited) @executable_path/Frameworks @loader_path/Frameworks";
				PRODUCT_BUNDLE_IDENTIFIER = "com.molon.$(PRODUCT_NAME:rfc1034identifier)";
				PRODUCT_NAME = "$(TARGET_NAME)";
				TEST_HOST = "$(BUILT_PRODUCTS_DIR)/MLInputDodger.app/MLInputDodger";
			};
			name = Debug;
		};
		360F92451B65C6CD00A6F9F4 /* Release */ = {
			isa = XCBuildConfiguration;
			buildSettings = {
				BUNDLE_LOADER = "$(TEST_HOST)";
				DEVELOPMENT_TEAM = PDL85JB6BQ;
				FRAMEWORK_SEARCH_PATHS = (
					"$(SDKROOT)/Developer/Library/Frameworks",
					"$(inherited)",
				);
				INFOPLIST_FILE = MLInputDodgerTests/Info.plist;
				LD_RUNPATH_SEARCH_PATHS = "$(inherited) @executable_path/Frameworks @loader_path/Frameworks";
				PRODUCT_BUNDLE_IDENTIFIER = "com.molon.$(PRODUCT_NAME:rfc1034identifier)";
				PRODUCT_NAME = "$(TARGET_NAME)";
				TEST_HOST = "$(BUILT_PRODUCTS_DIR)/MLInputDodger.app/MLInputDodger";
			};
			name = Release;
		};
/* End XCBuildConfiguration section */

/* Begin XCConfigurationList section */
		360F92181B65C6CD00A6F9F4 /* Build configuration list for PBXProject "MLInputDodger" */ = {
			isa = XCConfigurationList;
			buildConfigurations = (
				360F923E1B65C6CD00A6F9F4 /* Debug */,
				360F923F1B65C6CD00A6F9F4 /* Release */,
			);
			defaultConfigurationIsVisible = 0;
			defaultConfigurationName = Release;
		};
		360F92401B65C6CD00A6F9F4 /* Build configuration list for PBXNativeTarget "MLInputDodger" */ = {
			isa = XCConfigurationList;
			buildConfigurations = (
				360F92411B65C6CD00A6F9F4 /* Debug */,
				360F92421B65C6CD00A6F9F4 /* Release */,
			);
			defaultConfigurationIsVisible = 0;
			defaultConfigurationName = Release;
		};
		360F92431B65C6CD00A6F9F4 /* Build configuration list for PBXNativeTarget "MLInputDodgerTests" */ = {
			isa = XCConfigurationList;
			buildConfigurations = (
				360F92441B65C6CD00A6F9F4 /* Debug */,
				360F92451B65C6CD00A6F9F4 /* Release */,
			);
			defaultConfigurationIsVisible = 0;
			defaultConfigurationName = Release;
		};
/* End XCConfigurationList section */
	};
	rootObject = 360F92151B65C6CD00A6F9F4 /* Project object */;
}
