// !$*UTF8*$!
{
	archiveVersion = 1;
	classes = {
	};
	objectVersion = 46;
	objects = {

/* Begin PBXBuildFile section */
		360F92231B65C6CD00A6F9F4 /* main.m in Sources */ = {isa = PBXBuildFile; fileRef = 360F92221B65C6CD00A6F9F4 /* main.m */; };
		360F92261B65C6CD00A6F9F4 /* AppDelegate.m in Sources */ = {isa = PBXBuildFile; fileRef = 360F92251B65C6CD00A6F9F4 /* AppDelegate.m */; };
		360F92291B65C6CD00A6F9F4 /* ViewController.m in Sources */ = {isa = PBXBuildFile; fileRef = 360F92281B65C6CD00A6F9F4 /* ViewController.m */; };
		360F922C1B65C6CD00A6F9F4 /* Main.storyboard in Resources */ = {isa = PBXBuildFile; fileRef = 360F922A1B65C6CD00A6F9F4 /* Main.storyboard */; };
		360F922E1B65C6CD00A6F9F4 /* Images.xcassets in Resources */ = {isa = PBXBuildFile; fileRef = 360F922D1B65C6CD00A6F9F4 /* Images.xcassets */; };
		360F92311B65C6CD00A6F9F4 /* LaunchScreen.xib in Resources */ = {isa = PBXBuildFile; fileRef = 360F922F1B65C6CD00A6F9F4 /* LaunchScreen.xib */; };
		360F923D1B65C6CD00A6F9F4 /* MLInputDodgerTests.m in Sources */ = {isa = PBXBuildFile; fileRef = 360F923C1B65C6CD00A6F9F4 /* MLInputDodgerTests.m */; };
		360F92491B65D0F100A6F9F4 /* UIView+MLInputDodger.m in Sources */ = {isa = PBXBuildFile; fileRef = 360F92481B65D0F100A6F9F4 /* UIView+MLInputDodger.m */; };
		360F924C1B65D11D00A6F9F4 /* MLInputDodger.m in Sources */ = {isa = PBXBuildFile; fileRef = 360F924B1B65D11D00A6F9F4 /* MLInputDodger.m */; };
		360F92521B6747D500A6F9F4 /* ListViewController.m in Sources */ = {isa = PBXBuildFile; fileRef = 360F92511B6747D500A6F9F4 /* ListViewController.m */; };
		360F92551B674E9400A6F9F4 /* UIScrollView+MLInputDodger.m in Sources */ = {isa = PBXBuildFile; fileRef = 360F92541B674E9400A6F9F4 /* UIScrollView+MLInputDodger.m */; };
		360F925C1B6782FB00A6F9F4 /* MLInputDodgerRetractView.m in Sources */ = {isa = PBXBuildFile; fileRef = 360F925B1B6782FB00A6F9F4 /* MLInputDodgerRetractView.m */; };
		368D7D971B678CC700200861 /* MLInputDodger.bundle in Resources */ = {isa = PBXBuildFile; fileRef = 368D7D961B678CC700200861 /* MLInputDodger.bundle */; };
		36E996DEF95BB1C72F73D7F0 /* libPods.a in Frameworks */ = {isa = PBXBuildFile; fileRef = 0B846FD30C3C7D8134CF5C6A /* libPods.a */; };
/* End PBXBuildFile section */

/* Begin PBXContainerItemProxy section */
		360F92371B65C6CD00A6F9F4 /* PBXContainerItemProxy */ = {
			isa = PBXContainerItemProxy;
			containerPortal = 360F92151B65C6CD00A6F9F4 /* Project object */;
			proxyType = 1;
			remoteGlobalIDString = 360F921C1B65C6CD00A6F9F4;
			remoteInfo = MLInputDodger;
		};
/* End PBXContainerItemProxy section */

/* Begin PBXFileReference section */
		0B846FD30C3C7D8134CF5C6A /* libPods.a */ = {isa = PBXFileReference; explicitFileType = archive.ar; includeInIndex = 0; path = libPods.a; sourceTree = BUILT_PRODUCTS_DIR; };
		1C08626793022444E3866A14 /* Pods.release.xcconfig */ = {isa = PBXFileReference; includeInIndex = 1; lastKnownFileType = text.xcconfig; name = Pods.release.xcconfig; path = "Pods/Target Support Files/Pods/Pods.release.xcconfig"; sourceTree = "<group>"; };
		360F921D1B65C6CD00A6F9F4 /* MLInputDodger.app */ = {isa = PBXFileReference; explicitFileType = wrapper.application; includeInIndex = 0; path = MLInputDodger.app; sourceTree = BUILT_PRODUCTS_DIR; };
		360F92211B65C6CD00A6F9F4 /* Info.plist */ = {isa = PBXFileReference; lastKnownFileType = text.plist.xml; path = Info.plist; sourceTree = "<group>"; };
		360F92221B65C6CD00A6F9F4 /* main.m */ = {isa = PBXFileReference; lastKnownFileType = sourcecode.c.objc; path = main.m; sourceTree = "<group>"; };
		360F92241B65C6CD00A6F9F4 /* AppDelegate.h */ = {isa = PBXFileReference; lastKnownFileType = sourcecode.c.h; path = AppDelegate.h; sourceTree = "<group>"; };
		360F92251B65C6CD00A6F9F4 /* AppDelegate.m */ = {isa = PBXFileReference; lastKnownFileType = sourcecode.c.objc; path = AppDelegate.m; sourceTree = "<group>"; };
		360F92271B65C6CD00A6F9F4 /* ViewController.h */ = {isa = PBXFileReference; lastKnownFileType = sourcecode.c.h; path = ViewController.h; sourceTree = "<group>"; };
		360F92281B65C6CD00A6F9F4 /* ViewController.m */ = {isa = PBXFileReference; lastKnownFileType = sourcecode.c.objc; path = ViewController.m; sourceTree = "<group>"; };
		360F922B1B65C6CD00A6F9F4 /* Base */ = {isa = PBXFileReference; lastKnownFileType = file.storyboard; name = Base; path = Base.lproj/Main.storyboard; sourceTree = "<group>"; };
		360F922D1B65C6CD00A6F9F4 /* Images.xcassets */ = {isa = PBXFileReference; lastKnownFileType = folder.assetcatalog; path = Images.xcassets; sourceTree = "<group>"; };
		360F92301B65C6CD00A6F9F4 /* Base */ = {isa = PBXFileReference; lastKnownFileType = file.xib; name = Base; path = Base.lproj/LaunchScreen.xib; sourceTree = "<group>"; };
		360F92361B65C6CD00A6F9F4 /* MLInputDodgerTests.xctest */ = {isa = PBXFileReference; explicitFileType = wrapper.cfbundle; includeInIndex = 0; path = MLInputDodgerTests.xctest; sourceTree = BUILT_PRODUCTS_DIR; };
		360F923B1B65C6CD00A6F9F4 /* Info.plist */ = {isa = PBXFileReference; lastKnownFileType = text.plist.xml; path = Info.plist; sourceTree = "<group>"; };
		360F923C1B65C6CD00A6F9F4 /* MLInputDodgerTests.m */ = {isa = PBXFileReference; lastKnownFileType = sourcecode.c.objc; path = MLInputDodgerTests.m; sourceTree = "<group>"; };
		360F92471B65D0F100A6F9F4 /* UIView+MLInputDodger.h */ = {isa = PBXFileReference; fileEncoding = 4; lastKnownFileType = sourcecode.c.h; path = "UIView+MLInputDodger.h"; sourceTree = "<group>"; };
		360F92481B65D0F100A6F9F4 /* UIView+MLInputDodger.m */ = {isa = PBXFileReference; fileEncoding = 4; lastKnownFileType = sourcecode.c.objc; path = "UIView+MLInputDodger.m"; sourceTree = "<group>"; };
		360F924A1B65D11D00A6F9F4 /* MLInputDodger.h */ = {isa = PBXFileReference; fileEncoding = 4; lastKnownFileType = sourcecode.c.h; path = MLInputDodger.h; sourceTree = "<group>"; };
		360F924B1B65D11D00A6F9F4 /* MLInputDodger.m */ = {isa = PBXFileReference; fileEncoding = 4; lastKnownFileType = sourcecode.c.objc; path = MLInputDodger.m; sourceTree = "<group>"; };
		360F92501B6747D500A6F9F4 /* ListViewController.h */ = {isa = PBXFileReference; fileEncoding = 4; lastKnownFileType = sourcecode.c.h; path = ListViewController.h; sourceTree = "<group>"; };
		360F92511B6747D500A6F9F4 /* ListViewController.m */ = {isa = PBXFileReference; fileEncoding = 4; lastKnownFileType = sourcecode.c.objc; path = ListViewController.m; sourceTree = "<group>"; };
		360F92531B674E9400A6F9F4 /* UIScrollView+MLInputDodger.h */ = {isa = PBXFileReference; fileEncoding = 4; lastKnownFileType = sourcecode.c.h; path = "UIScrollView+MLInputDodger.h"; sourceTree = "<group>"; };
		360F92541B674E9400A6F9F4 /* UIScrollView+MLInputDodger.m */ = {isa = PBXFileReference; fileEncoding = 4; lastKnownFileType = sourcecode.c.objc; path = "UIScrollView+MLInputDodger.m"; sourceTree = "<group>"; };
		360F925A1B6782FB00A6F9F4 /* MLInputDodgerRetractView.h */ = {isa = PBXFileReference; fileEncoding = 4; lastKnownFileType = sourcecode.c.h; path = MLInputDodgerRetractView.h; sourceTree = "<group>"; };
		360F925B1B6782FB00A6F9F4 /* MLInputDodgerRetractView.m */ = {isa = PBXFileReference; fileEncoding = 4; lastKnownFileType = sourcecode.c.objc; path = MLInputDodgerRetractView.m; sourceTree = "<group>"; };
		368D7D961B678CC700200861 /* MLInputDodger.bundle */ = {isa = PBXFileReference; lastKnownFileType = "wrapper.plug-in"; path = MLInputDodger.bundle; sourceTree = "<group>"; };
		7045DECD382026584C71989F /* Pods.debug.xcconfig */ = {isa = PBXFileReference; includeInIndex = 1; lastKnownFileType = text.xcconfig; name = Pods.debug.xcconfig; path = "Pods/Target Support Files/Pods/Pods.debug.xcconfig"; sourceTree = "<group>"; };
/* End PBXFileReference section */

/* Begin PBXFrameworksBuildPhase section */
		360F921A1B65C6CD00A6F9F4 /* Frameworks */ = {
			isa = PBXFrameworksBuildPhase;
			buildActionMask = 2147483647;
			files = (
				36E996DEF95BB1C72F73D7F0 /* libPods.a in Frameworks */,
			);
			runOnlyForDeploymentPostprocessing = 0;
		};
		360F92331B65C6CD00A6F9F4 /* Frameworks */ = {
			isa = PBXFrameworksBuildPhase;
			buildActionMask = 2147483647;
			files = (
			);
			runOnlyForDeploymentPostprocessing = 0;
		};
/* End PBXFrameworksBuildPhase section */

/* Begin PBXGroup section */
		0B72DA3570746A4CE2273058 /* Pods */ = {
			isa = PBXGroup;
			children = (
				7045DECD382026584C71989F /* Pods.debug.xcconfig */,
				1C08626793022444E3866A14 /* Pods.release.xcconfig */,
			);
			name = Pods;
			sourceTree = "<group>";
		};
		360F92141B65C6CD00A6F9F4 = {
			isa = PBXGroup;
			children = (
				360F921F1B65C6CD00A6F9F4 /* MLInputDodger */,
				360F92391B65C6CD00A6F9F4 /* MLInputDodgerTests */,
				360F921E1B65C6CD00A6F9F4 /* Products */,
				0B72DA3570746A4CE2273058 /* Pods */,
				D075C921D89EAFBB0338941B /* Frameworks */,
			);
			sourceTree = "<group>";
		};
		360F921E1B65C6CD00A6F9F4 /* Products */ = {
			isa = PBXGroup;
			children = (
				360F921D1B65C6CD00A6F9F4 /* MLInputDodger.app */,
				360F92361B65C6CD00A6F9F4 /* MLInputDodgerTests.xctest */,
			);
			name = Products;
			sourceTree = "<group>";
		};
		360F921F1B65C6CD00A6F9F4 /* MLInputDodger */ = {
			isa = PBXGroup;
			children = (
				360F92461B65C83500A6F9F4 /* Classes */,
				360F92241B65C6CD00A6F9F4 /* AppDelegate.h */,
				360F92251B65C6CD00A6F9F4 /* AppDelegate.m */,
				360F92271B65C6CD00A6F9F4 /* ViewController.h */,
				360F92281B65C6CD00A6F9F4 /* ViewController.m */,
				360F92501B6747D500A6F9F4 /* ListViewController.h */,
				360F92511B6747D500A6F9F4 /* ListViewController.m */,
				360F922A1B65C6CD00A6F9F4 /* Main.storyboard */,
				360F922D1B65C6CD00A6F9F4 /* Images.xcassets */,
				360F922F1B65C6CD00A6F9F4 /* LaunchScreen.xib */,
				360F92201B65C6CD00A6F9F4 /* Supporting Files */,
			);
			path = MLInputDodger;
			sourceTree = "<group>";
		};
		360F92201B65C6CD00A6F9F4 /* Supporting Files */ = {
			isa = PBXGroup;
			children = (
				360F92211B65C6CD00A6F9F4 /* Info.plist */,
				360F92221B65C6CD00A6F9F4 /* main.m */,
			);
			name = "Supporting Files";
			sourceTree = "<group>";
		};
		360F92391B65C6CD00A6F9F4 /* MLInputDodgerTests */ = {
			isa = PBXGroup;
			children = (
				360F923C1B65C6CD00A6F9F4 /* MLInputDodgerTests.m */,
				360F923A1B65C6CD00A6F9F4 /* Supporting Files */,
			);
			path = MLInputDodgerTests;
			sourceTree = "<group>";
		};
		360F923A1B65C6CD00A6F9F4 /* Supporting Files */ = {
			isa = PBXGroup;
			children = (
				360F923B1B65C6CD00A6F9F4 /* Info.plist */,
			);
			name = "Supporting Files";
			sourceTree = "<group>";
		};
		360F92461B65C83500A6F9F4 /* Classes */ = {
			isa = PBXGroup;
			children = (
				368D7D961B678CC700200861 /* MLInputDodger.bundle */,
				360F92471B65D0F100A6F9F4 /* UIView+MLInputDodger.h */,
				360F92481B65D0F100A6F9F4 /* UIView+MLInputDodger.m */,
				360F92531B674E9400A6F9F4 /* UIScrollView+MLInputDodger.h */,
				360F92541B674E9400A6F9F4 /* UIScrollView+MLInputDodger.m */,
				360F924A1B65D11D00A6F9F4 /* MLInputDodger.h */,
				360F924B1B65D11D00A6F9F4 /* MLInputDodger.m */,
				360F925A1B6782FB00A6F9F4 /* MLInputDodgerRetractView.h */,
				360F925B1B6782FB00A6F9F4 /* MLInputDodgerRetractView.m */,
			);
			path = Classes;
			sourceTree = "<group>";
		};
		D075C921D89EAFBB0338941B /* Frameworks */ = {
			isa = PBXGroup;
			children = (
				0B846FD30C3C7D8134CF5C6A /* libPods.a */,
			);
			name = Frameworks;
			sourceTree = "<group>";
		};
/* End PBXGroup section */

/* Begin PBXNativeTarget section */
		360F921C1B65C6CD00A6F9F4 /* MLInputDodger */ = {
			isa = PBXNativeTarget;
			buildConfigurationList = 360F92401B65C6CD00A6F9F4 /* Build configuration list for PBXNativeTarget "MLInputDodger" */;
			buildPhases = (
				7A08E75C66F704C72D63CBC4 /* Check Pods Manifest.lock */,
				360F92191B65C6CD00A6F9F4 /* Sources */,
				360F921A1B65C6CD00A6F9F4 /* Frameworks */,
				360F921B1B65C6CD00A6F9F4 /* Resources */,
				A759AC8C1BFF460A9E833363 /* Copy Pods Resources */,
			);
			buildRules = (
			);
			dependencies = (
			);
			name = MLInputDodger;
			productName = MLInputDodger;
			productReference = 360F921D1B65C6CD00A6F9F4 /* MLInputDodger.app */;
			productType = "com.apple.product-type.application";
		};
		360F92351B65C6CD00A6F9F4 /* MLInputDodgerTests */ = {
			isa = PBXNativeTarget;
			buildConfigurationList = 360F92431B65C6CD00A6F9F4 /* Build configuration list for PBXNativeTarget "MLInputDodgerTests" */;
			buildPhases = (
				360F92321B65C6CD00A6F9F4 /* Sources */,
				360F92331B65C6CD00A6F9F4 /* Frameworks */,
				360F92341B65C6CD00A6F9F4 /* Resources */,
			);
			buildRules = (
			);
			dependencies = (
				360F92381B65C6CD00A6F9F4 /* PBXTargetDependency */,
			);
			name = MLInputDodgerTests;
			productName = MLInputDodgerTests;
			productReference = 360F92361B65C6CD00A6F9F4 /* MLInputDodgerTests.xctest */;
			productType = "com.apple.product-type.bundle.unit-test";
		};
/* End PBXNativeTarget section */

/* Begin PBXProject section */
		360F92151B65C6CD00A6F9F4 /* Project object */ = {
			isa = PBXProject;
			attributes = {
				LastUpgradeCheck = 0630;
				ORGANIZATIONNAME = molon;
				TargetAttributes = {
					360F921C1B65C6CD00A6F9F4 = {
						CreatedOnToolsVersion = 6.3.2;
					};
					360F92351B65C6CD00A6F9F4 = {
						CreatedOnToolsVersion = 6.3.2;
						TestTargetID = 360F921C1B65C6CD00A6F9F4;
					};
				};
			};
			buildConfigurationList = 360F92181B65C6CD00A6F9F4 /* Build configuration list for PBXProject "MLInputDodger" */;
			compatibilityVersion = "Xcode 3.2";
			developmentRegion = English;
			hasScannedForEncodings = 0;
			knownRegions = (
				en,
				Base,
			);
			mainGroup = 360F92141B65C6CD00A6F9F4;
			productRefGroup = 360F921E1B65C6CD00A6F9F4 /* Products */;
			projectDirPath = "";
			projectRoot = "";
			targets = (
				360F921C1B65C6CD00A6F9F4 /* MLInputDodger */,
				360F92351B65C6CD00A6F9F4 /* MLInputDodgerTests */,
			);
		};
/* End PBXProject section */

/* Begin PBXResourcesBuildPhase section */
		360F921B1B65C6CD00A6F9F4 /* Resources */ = {
			isa = PBXResourcesBuildPhase;
			buildActionMask = 2147483647;
			files = (
				368D7D971B678CC700200861 /* MLInputDodger.bundle in Resources */,
				360F922C1B65C6CD00A6F9F4 /* Main.storyboard in Resources */,
				360F92311B65C6CD00A6F9F4 /* LaunchScreen.xib in Resources */,
				360F922E1B65C6CD00A6F9F4 /* Images.xcassets in Resources */,
			);
			runOnlyForDeploymentPostprocessing = 0;
		};
		360F92341B65C6CD00A6F9F4 /* Resources */ = {
			isa = PBXResourcesBuildPhase;
			buildActionMask = 2147483647;
			files = (
			);
			runOnlyForDeploymentPostprocessing = 0;
		};
/* End PBXResourcesBuildPhase section */

/* Begin PBXShellScriptBuildPhase section */
		7A08E75C66F704C72D63CBC4 /* Check Pods Manifest.lock */ = {
			isa = PBXShellScriptBuildPhase;
			buildActionMask = 2147483647;
			files = (
			);
			inputPaths = (
			);
			name = "Check Pods Manifest.lock";
			outputPaths = (
			);
			runOnlyForDeploymentPostprocessing = 0;
			shellPath = /bin/sh;
			shellScript = "diff \"${PODS_ROOT}/../Podfile.lock\" \"${PODS_ROOT}/Manifest.lock\" > /dev/null\nif [[ $? != 0 ]] ; then\n    cat << EOM\nerror: The sandbox is not in sync with the Podfile.lock. Run 'pod install' or update your CocoaPods installation.\nEOM\n    exit 1\nfi\n";
			showEnvVarsInLog = 0;
		};
		A759AC8C1BFF460A9E833363 /* Copy Pods Resources */ = {
			isa = PBXShellScriptBuildPhase;
			buildActionMask = 2147483647;
			files = (
			);
			inputPaths = (
			);
			name = "Copy Pods Resources";
			outputPaths = (
			);
			runOnlyForDeploymentPostprocessing = 0;
			shellPath = /bin/sh;
			shellScript = "\"${SRCROOT}/Pods/Target Support Files/Pods/Pods-resources.sh\"\n";
			showEnvVarsInLog = 0;
		};
/* End PBXShellScriptBuildPhase section */

/* Begin PBXSourcesBuildPhase section */
		360F92191B65C6CD00A6F9F4 /* Sources */ = {
			isa = PBXSourcesBuildPhase;
			buildActionMask = 2147483647;
			files = (
				360F92291B65C6CD00A6F9F4 /* ViewController.m in Sources */,
				360F92261B65C6CD00A6F9F4 /* AppDelegate.m in Sources */,
				360F92521B6747D500A6F9F4 /* ListViewController.m in Sources */,
				360F925C1B6782FB00A6F9F4 /* MLInputDodgerRetractView.m in Sources */,
				360F92231B65C6CD00A6F9F4 /* main.m in Sources */,
				360F92491B65D0F100A6F9F4 /* UIView+MLInputDodger.m in Sources */,
				360F92551B674E9400A6F9F4 /* UIScrollView+MLInputDodger.m in Sources */,
				360F924C1B65D11D00A6F9F4 /* MLInputDodger.m in Sources */,
			);
			runOnlyForDeploymentPostprocessing = 0;
		};
		360F92321B65C6CD00A6F9F4 /* Sources */ = {
			isa = PBXSourcesBuildPhase;
			buildActionMask = 2147483647;
			files = (
				360F923D1B65C6CD00A6F9F4 /* MLInputDodgerTests.m in Sources */,
			);
			runOnlyForDeploymentPostprocessing = 0;
		};
/* End PBXSourcesBuildPhase section */

/* Begin PBXTargetDependency section */
		360F92381B65C6CD00A6F9F4 /* PBXTargetDependency */ = {
			isa = PBXTargetDependency;
			target = 360F921C1B65C6CD00A6F9F4 /* MLInputDodger */;
			targetProxy = 360F92371B65C6CD00A6F9F4 /* PBXContainerItemProxy */;
		};
/* End PBXTargetDependency section */

/* Begin PBXVariantGroup section */
		360F922A1B65C6CD00A6F9F4 /* Main.storyboard */ = {
			isa = PBXVariantGroup;
			children = (
				360F922B1B65C6CD00A6F9F4 /* Base */,
			);
			name = Main.storyboard;
			sourceTree = "<group>";
		};
		360F922F1B65C6CD00A6F9F4 /* LaunchScreen.xib */ = {
			isa = PBXVariantGroup;
			children = (
				360F92301B65C6CD00A6F9F4 /* Base */,
			);
			name = LaunchScreen.xib;
			sourceTree = "<group>";
		};
/* End PBXVariantGroup section */

/* Begin XCBuildConfiguration section */
		360F923E1B65C6CD00A6F9F4 /* Debug */ = {
			isa = XCBuildConfiguration;
			buildSettings = {
				ALWAYS_SEARCH_USER_PATHS = NO;
				CLANG_CXX_LANGUAGE_STANDARD = "gnu++0x";
				CLANG_CXX_LIBRARY = "libc++";
				CLANG_ENABLE_MODULES = YES;
				CLANG_ENABLE_OBJC_ARC = YES;
				CLANG_WARN_BOOL_CONVERSION = YES;
				CLANG_WARN_CONSTANT_CONVERSION = YES;
				CLANG_WARN_DIRECT_OBJC_ISA_USAGE = YES_ERROR;
				CLANG_WARN_EMPTY_BODY = YES;
				CLANG_WARN_ENUM_CONVERSION = YES;
				CLANG_WARN_INT_CONVERSION = YES;
				CLANG_WARN_OBJC_ROOT_CLASS = YES_ERROR;
				CLANG_WARN_UNREACHABLE_CODE = YES;
				CLANG_WARN__DUPLICATE_METHOD_MATCH = YES;
				"CODE_SIGN_IDENTITY[sdk=iphoneos*]" = "iPhone Developer";
				COPY_PHASE_STRIP = NO;
				DEBUG_INFORMATION_FORMAT = "dwarf-with-dsym";
				ENABLE_STRICT_OBJC_MSGSEND = YES;
				GCC_C_LANGUAGE_STANDARD = gnu99;
				GCC_DYNAMIC_NO_PIC = NO;
				GCC_NO_COMMON_BLOCKS = YES;
				GCC_OPTIMIZATION_LEVEL = 0;
				GCC_PREPROCESSOR_DEFINITIONS = (
					"DEBUG=1",
					"$(inherited)",
				);
				GCC_SYMBOLS_PRIVATE_EXTERN = NO;
				GCC_WARN_64_TO_32_BIT_CONVERSION = YES;
				GCC_WARN_ABOUT_RETURN_TYPE = YES_ERROR;
				GCC_WARN_UNDECLARED_SELECTOR = YES;
				GCC_WARN_UNINITIALIZED_AUTOS = YES_AGGRESSIVE;
				GCC_WARN_UNUSED_FUNCTION = YES;
				GCC_WARN_UNUSED_VARIABLE = YES;
				IPHONEOS_DEPLOYMENT_TARGET = 8.3;
				MTL_ENABLE_DEBUG_INFO = YES;
				ONLY_ACTIVE_ARCH = YES;
				SDKROOT = iphoneos;
			};
			name = Debug;
		};
		360F923F1B65C6CD00A6F9F4 /* Release */ = {
			isa = XCBuildConfiguration;
			buildSettings = {
				ALWAYS_SEARCH_USER_PATHS = NO;
				CLANG_CXX_LANGUAGE_STANDARD = "gnu++0x";
				CLANG_CXX_LIBRARY = "libc++";
				CLANG_ENABLE_MODULES = YES;
				CLANG_ENABLE_OBJC_ARC = YES;
				CLANG_WARN_BOOL_CONVERSION = YES;
				CLANG_WARN_CONSTANT_CONVERSION = YES;
				CLANG_WARN_DIRECT_OBJC_ISA_USAGE = YES_ERROR;
				CLANG_WARN_EMPTY_BODY = YES;
				CLANG_WARN_ENUM_CONVERSION = YES;
				CLANG_WARN_INT_CONVERSION = YES;
				CLANG_WARN_OBJC_ROOT_CLASS = YES_ERROR;
				CLANG_WARN_UNREACHABLE_CODE = YES;
				CLANG_WARN__DUPLICATE_METHOD_MATCH = YES;
				"CODE_SIGN_IDENTITY[sdk=iphoneos*]" = "iPhone Developer";
				COPY_PHASE_STRIP = NO;
				DEBUG_INFORMATION_FORMAT = "dwarf-with-dsym";
				ENABLE_NS_ASSERTIONS = NO;
				ENABLE_STRICT_OBJC_MSGSEND = YES;
				GCC_C_LANGUAGE_STANDARD = gnu99;
				GCC_NO_COMMON_BLOCKS = YES;
				GCC_WARN_64_TO_32_BIT_CONVERSION = YES;
				GCC_WARN_ABOUT_RETURN_TYPE = YES_ERROR;
				GCC_WARN_UNDECLARED_SELECTOR = YES;
				GCC_WARN_UNINITIALIZED_AUTOS = YES_AGGRESSIVE;
				GCC_WARN_UNUSED_FUNCTION = YES;
				GCC_WARN_UNUSED_VARIABLE = YES;
				IPHONEOS_DEPLOYMENT_TARGET = 8.3;
				MTL_ENABLE_DEBUG_INFO = NO;
				SDKROOT = iphoneos;
				VALIDATE_PRODUCT = YES;
			};
			name = Release;
		};
		360F92411B65C6CD00A6F9F4 /* Debug */ = {
			isa = XCBuildConfiguration;
			baseConfigurationReference = 7045DECD382026584C71989F /* Pods.debug.xcconfig */;
			buildSettings = {
				ASSETCATALOG_COMPILER_APPICON_NAME = AppIcon;
				ASSETCATALOG_COMPILER_LAUNCHIMAGE_NAME = LaunchImage;
				INFOPLIST_FILE = MLInputDodger/Info.plist;
				IPHONEOS_DEPLOYMENT_TARGET = 7.0;
				LD_RUNPATH_SEARCH_PATHS = "$(inherited) @executable_path/Frameworks";
				PRODUCT_NAME = "$(TARGET_NAME)";
			};
			name = Debug;
		};
		360F92421B65C6CD00A6F9F4 /* Release */ = {
			isa = XCBuildConfiguration;
			baseConfigurationReference = 1C08626793022444E3866A14 /* Pods.release.xcconfig */;
			buildSettings = {
				ASSETCATALOG_COMPILER_APPICON_NAME = AppIcon;
				ASSETCATALOG_COMPILER_LAUNCHIMAGE_NAME = LaunchImage;
				INFOPLIST_FILE = MLInputDodger/Info.plist;
				IPHONEOS_DEPLOYMENT_TARGET = 7.0;
				LD_RUNPATH_SEARCH_PATHS = "$(inherited) @executable_path/Frameworks";
				PRODUCT_NAME = "$(TARGET_NAME)";
			};
			name = Release;
		};
		360F92441B65C6CD00A6F9F4 /* Debug */ = {
			isa = XCBuildConfiguration;
			buildSettings = {
				BUNDLE_LOADER = "$(TEST_HOST)";
				FRAMEWORK_SEARCH_PATHS = (
					"$(SDKROOT)/Developer/Library/Frameworks",
					"$(inherited)",
				);
				GCC_PREPROCESSOR_DEFINITIONS = (
					"DEBUG=1",
					"$(inherited)",
				);
				INFOPLIST_FILE = MLInputDodgerTests/Info.plist;
				LD_RUNPATH_SEARCH_PATHS = "$(inherited) @executable_path/Frameworks @loader_path/Frameworks";
				PRODUCT_NAME = "$(TARGET_NAME)";
				TEST_HOST = "$(BUILT_PRODUCTS_DIR)/MLInputDodger.app/MLInputDodger";
			};
			name = Debug;
		};
		360F92451B65C6CD00A6F9F4 /* Release */ = {
			isa = XCBuildConfiguration;
			buildSettings = {
				BUNDLE_LOADER = "$(TEST_HOST)";
				FRAMEWORK_SEARCH_PATHS = (
					"$(SDKROOT)/Developer/Library/Frameworks",
					"$(inherited)",
				);
				INFOPLIST_FILE = MLInputDodgerTests/Info.plist;
				LD_RUNPATH_SEARCH_PATHS = "$(inherited) @executable_path/Frameworks @loader_path/Frameworks";
				PRODUCT_NAME = "$(TARGET_NAME)";
				TEST_HOST = "$(BUILT_PRODUCTS_DIR)/MLInputDodger.app/MLInputDodger";
			};
			name = Release;
		};
/* End XCBuildConfiguration section */

/* Begin XCConfigurationList section */
		360F92181B65C6CD00A6F9F4 /* Build configuration list for PBXProject "MLInputDodger" */ = {
			isa = XCConfigurationList;
			buildConfigurations = (
				360F923E1B65C6CD00A6F9F4 /* Debug */,
				360F923F1B65C6CD00A6F9F4 /* Release */,
			);
			defaultConfigurationIsVisible = 0;
			defaultConfigurationName = Release;
		};
		360F92401B65C6CD00A6F9F4 /* Build configuration list for PBXNativeTarget "MLInputDodger" */ = {
			isa = XCConfigurationList;
			buildConfigurations = (
				360F92411B65C6CD00A6F9F4 /* Debug */,
				360F92421B65C6CD00A6F9F4 /* Release */,
			);
			defaultConfigurationIsVisible = 0;
			defaultConfigurationName = Release;
		};
		360F92431B65C6CD00A6F9F4 /* Build configuration list for PBXNativeTarget "MLInputDodgerTests" */ = {
			isa = XCConfigurationList;
			buildConfigurations = (
				360F92441B65C6CD00A6F9F4 /* Debug */,
				360F92451B65C6CD00A6F9F4 /* Release */,
			);
			defaultConfigurationIsVisible = 0;
			defaultConfigurationName = Release;
		};
/* End XCConfigurationList section */
	};
	rootObject = 360F92151B65C6CD00A6F9F4 /* Project object */;
}
